// !$*UTF8*$!
{
	archiveVersion = 1;
	classes = {
	};
	objectVersion = 51;
	objects = {

/* Begin PBXBuildFile section */
		121C2830252E68C7000BDAB1 /* AppDelegate.swift in Sources */ = {isa = PBXBuildFile; fileRef = 121C282F252E68C7000BDAB1 /* AppDelegate.swift */; };
		121C2832252E68C7000BDAB1 /* SceneDelegate.swift in Sources */ = {isa = PBXBuildFile; fileRef = 121C2831252E68C7000BDAB1 /* SceneDelegate.swift */; };
		121C2834252E68C7000BDAB1 /* ViewController.swift in Sources */ = {isa = PBXBuildFile; fileRef = 121C2833252E68C7000BDAB1 /* ViewController.swift */; };
		121C2837252E68C7000BDAB1 /* Main.storyboard in Resources */ = {isa = PBXBuildFile; fileRef = 121C2835252E68C7000BDAB1 /* Main.storyboard */; };
		121C2839252E68C8000BDAB1 /* Assets.xcassets in Resources */ = {isa = PBXBuildFile; fileRef = 121C2838252E68C8000BDAB1 /* Assets.xcassets */; };
		121C283C252E68C8000BDAB1 /* LaunchScreen.storyboard in Resources */ = {isa = PBXBuildFile; fileRef = 121C283A252E68C8000BDAB1 /* LaunchScreen.storyboard */; };
		1245AC97252E6D1400C5A14B /* GoogleService-Info.plist in Resources */ = {isa = PBXBuildFile; fileRef = 1245AC96252E6D1400C5A14B /* GoogleService-Info.plist */; };
		12B0900A252E7EC5002354EC /* SingUpViewController.swift in Sources */ = {isa = PBXBuildFile; fileRef = 12B09009252E7EC5002354EC /* SingUpViewController.swift */; };
		12B0900D252E7ED2002354EC /* LoginViewController.swift in Sources */ = {isa = PBXBuildFile; fileRef = 12B0900C252E7ED2002354EC /* LoginViewController.swift */; };
		12B09010252E7EDF002354EC /* HomeViewController.swift in Sources */ = {isa = PBXBuildFile; fileRef = 12B0900F252E7EDF002354EC /* HomeViewController.swift */; };
		2407790229C5D5113CA86C73 /* Pods_expanse.framework in Frameworks */ = {isa = PBXBuildFile; fileRef = C1DEE7456E5BE04F2EA01C8F /* Pods_expanse.framework */; };
/* End PBXBuildFile section */

/* Begin PBXFileReference section */
		121C282C252E68C7000BDAB1 /* expanse.app */ = {isa = PBXFileReference; explicitFileType = wrapper.application; includeInIndex = 0; path = expanse.app; sourceTree = BUILT_PRODUCTS_DIR; };
		121C282F252E68C7000BDAB1 /* AppDelegate.swift */ = {isa = PBXFileReference; lastKnownFileType = sourcecode.swift; path = AppDelegate.swift; sourceTree = "<group>"; };
		121C2831252E68C7000BDAB1 /* SceneDelegate.swift */ = {isa = PBXFileReference; lastKnownFileType = sourcecode.swift; path = SceneDelegate.swift; sourceTree = "<group>"; };
		121C2833252E68C7000BDAB1 /* ViewController.swift */ = {isa = PBXFileReference; lastKnownFileType = sourcecode.swift; path = ViewController.swift; sourceTree = "<group>"; };
		121C2836252E68C7000BDAB1 /* Base */ = {isa = PBXFileReference; lastKnownFileType = file.storyboard; name = Base; path = Base.lproj/Main.storyboard; sourceTree = "<group>"; };
		121C2838252E68C8000BDAB1 /* Assets.xcassets */ = {isa = PBXFileReference; lastKnownFileType = folder.assetcatalog; path = Assets.xcassets; sourceTree = "<group>"; };
		121C283B252E68C8000BDAB1 /* Base */ = {isa = PBXFileReference; lastKnownFileType = file.storyboard; name = Base; path = Base.lproj/LaunchScreen.storyboard; sourceTree = "<group>"; };
		121C283D252E68C8000BDAB1 /* Info.plist */ = {isa = PBXFileReference; lastKnownFileType = text.plist.xml; path = Info.plist; sourceTree = "<group>"; };
		1245AC96252E6D1400C5A14B /* GoogleService-Info.plist */ = {isa = PBXFileReference; fileEncoding = 4; lastKnownFileType = text.plist.xml; path = "GoogleService-Info.plist"; sourceTree = "<group>"; };
		12B09009252E7EC5002354EC /* SingUpViewController.swift */ = {isa = PBXFileReference; lastKnownFileType = sourcecode.swift; path = SingUpViewController.swift; sourceTree = "<group>"; };
		12B0900C252E7ED2002354EC /* LoginViewController.swift */ = {isa = PBXFileReference; lastKnownFileType = sourcecode.swift; path = LoginViewController.swift; sourceTree = "<group>"; };
		12B0900F252E7EDF002354EC /* HomeViewController.swift */ = {isa = PBXFileReference; lastKnownFileType = sourcecode.swift; path = HomeViewController.swift; sourceTree = "<group>"; };
		20FC62E407DE9DE57E479B1E /* Pods-expanse.release.xcconfig */ = {isa = PBXFileReference; includeInIndex = 1; lastKnownFileType = text.xcconfig; name = "Pods-expanse.release.xcconfig"; path = "Target Support Files/Pods-expanse/Pods-expanse.release.xcconfig"; sourceTree = "<group>"; };
		C1DEE7456E5BE04F2EA01C8F /* Pods_expanse.framework */ = {isa = PBXFileReference; explicitFileType = wrapper.framework; includeInIndex = 0; path = Pods_expanse.framework; sourceTree = BUILT_PRODUCTS_DIR; };
		EE9F461511C897A67A877471 /* Pods-expanse.debug.xcconfig */ = {isa = PBXFileReference; includeInIndex = 1; lastKnownFileType = text.xcconfig; name = "Pods-expanse.debug.xcconfig"; path = "Target Support Files/Pods-expanse/Pods-expanse.debug.xcconfig"; sourceTree = "<group>"; };
/* End PBXFileReference section */

/* Begin PBXFrameworksBuildPhase section */
		121C2829252E68C7000BDAB1 /* Frameworks */ = {
			isa = PBXFrameworksBuildPhase;
			buildActionMask = 2147483647;
			files = (
				2407790229C5D5113CA86C73 /* Pods_expanse.framework in Frameworks */,
			);
			runOnlyForDeploymentPostprocessing = 0;
		};
/* End PBXFrameworksBuildPhase section */

/* Begin PBXGroup section */
		121C2823252E68C7000BDAB1 = {
			isa = PBXGroup;
			children = (
				121C282E252E68C7000BDAB1 /* expanse */,
				121C282D252E68C7000BDAB1 /* Products */,
				E75A028453FF74641DB89637 /* Pods */,
				8A42CAE77E8CFDF334C7EC9A /* Frameworks */,
			);
			sourceTree = "<group>";
		};
		121C282D252E68C7000BDAB1 /* Products */ = {
			isa = PBXGroup;
			children = (
				121C282C252E68C7000BDAB1 /* expanse.app */,
			);
			name = Products;
			sourceTree = "<group>";
		};
		121C282E252E68C7000BDAB1 /* expanse */ = {
			isa = PBXGroup;
			children = (
				121C282F252E68C7000BDAB1 /* AppDelegate.swift */,
				121C2831252E68C7000BDAB1 /* SceneDelegate.swift */,
				121C2835252E68C7000BDAB1 /* Main.storyboard */,
				12B09012252E7EE7002354EC /* View Controllers */,
				121C2838252E68C8000BDAB1 /* Assets.xcassets */,
				121C283A252E68C8000BDAB1 /* LaunchScreen.storyboard */,
				121C283D252E68C8000BDAB1 /* Info.plist */,
				1245AC96252E6D1400C5A14B /* GoogleService-Info.plist */,
			);
			path = expanse;
			sourceTree = "<group>";
		};
		12B09012252E7EE7002354EC /* View Controllers */ = {
			isa = PBXGroup;
			children = (
				121C2833252E68C7000BDAB1 /* ViewController.swift */,
				12B09009252E7EC5002354EC /* SingUpViewController.swift */,
				12B0900C252E7ED2002354EC /* LoginViewController.swift */,
				12B0900F252E7EDF002354EC /* HomeViewController.swift */,
			);
			path = "View Controllers";
			sourceTree = "<group>";
		};
		8A42CAE77E8CFDF334C7EC9A /* Frameworks */ = {
			isa = PBXGroup;
			children = (
				C1DEE7456E5BE04F2EA01C8F /* Pods_expanse.framework */,
			);
			name = Frameworks;
			sourceTree = "<group>";
		};
		E75A028453FF74641DB89637 /* Pods */ = {
			isa = PBXGroup;
			children = (
				EE9F461511C897A67A877471 /* Pods-expanse.debug.xcconfig */,
				20FC62E407DE9DE57E479B1E /* Pods-expanse.release.xcconfig */,
			);
			path = Pods;
			sourceTree = "<group>";
		};
/* End PBXGroup section */

/* Begin PBXNativeTarget section */
		121C282B252E68C7000BDAB1 /* expanse */ = {
			isa = PBXNativeTarget;
			buildConfigurationList = 121C2840252E68C8000BDAB1 /* Build configuration list for PBXNativeTarget "expanse" */;
			buildPhases = (
				0A8E74822FE3CE8406F65B79 /* [CP] Check Pods Manifest.lock */,
				121C2828252E68C7000BDAB1 /* Sources */,
				121C2829252E68C7000BDAB1 /* Frameworks */,
				121C282A252E68C7000BDAB1 /* Resources */,
				FFBF3C94D6642651AC6E9DFA /* [CP] Embed Pods Frameworks */,
			);
			buildRules = (
			);
			dependencies = (
			);
			name = expanse;
			productName = expanse;
			productReference = 121C282C252E68C7000BDAB1 /* expanse.app */;
			productType = "com.apple.product-type.application";
		};
/* End PBXNativeTarget section */

/* Begin PBXProject section */
		121C2824252E68C7000BDAB1 /* Project object */ = {
			isa = PBXProject;
			attributes = {
				LastSwiftUpdateCheck = 1200;
				LastUpgradeCheck = 1200;
				TargetAttributes = {
					121C282B252E68C7000BDAB1 = {
						CreatedOnToolsVersion = 12.0.1;
					};
				};
			};
			buildConfigurationList = 121C2827252E68C7000BDAB1 /* Build configuration list for PBXProject "expanse" */;
			compatibilityVersion = "Xcode 9.3";
			developmentRegion = en;
			hasScannedForEncodings = 0;
			knownRegions = (
				en,
				Base,
			);
			mainGroup = 121C2823252E68C7000BDAB1;
			productRefGroup = 121C282D252E68C7000BDAB1 /* Products */;
			projectDirPath = "";
			projectRoot = "";
			targets = (
				121C282B252E68C7000BDAB1 /* expanse */,
			);
		};
/* End PBXProject section */

/* Begin PBXResourcesBuildPhase section */
		121C282A252E68C7000BDAB1 /* Resources */ = {
			isa = PBXResourcesBuildPhase;
			buildActionMask = 2147483647;
			files = (
				121C283C252E68C8000BDAB1 /* LaunchScreen.storyboard in Resources */,
				1245AC97252E6D1400C5A14B /* GoogleService-Info.plist in Resources */,
				121C2839252E68C8000BDAB1 /* Assets.xcassets in Resources */,
				121C2837252E68C7000BDAB1 /* Main.storyboard in Resources */,
			);
			runOnlyForDeploymentPostprocessing = 0;
		};
/* End PBXResourcesBuildPhase section */

/* Begin PBXShellScriptBuildPhase section */
		0A8E74822FE3CE8406F65B79 /* [CP] Check Pods Manifest.lock */ = {
			isa = PBXShellScriptBuildPhase;
			buildActionMask = 2147483647;
			files = (
			);
			inputFileListPaths = (
			);
			inputPaths = (
				"${PODS_PODFILE_DIR_PATH}/Podfile.lock",
				"${PODS_ROOT}/Manifest.lock",
			);
			name = "[CP] Check Pods Manifest.lock";
			outputFileListPaths = (
			);
			outputPaths = (
				"$(DERIVED_FILE_DIR)/Pods-expanse-checkManifestLockResult.txt",
			);
			runOnlyForDeploymentPostprocessing = 0;
			shellPath = /bin/sh;
			shellScript = "diff \"${PODS_PODFILE_DIR_PATH}/Podfile.lock\" \"${PODS_ROOT}/Manifest.lock\" > /dev/null\nif [ $? != 0 ] ; then\n    # print error to STDERR\n    echo \"error: The sandbox is not in sync with the Podfile.lock. Run 'pod install' or update your CocoaPods installation.\" >&2\n    exit 1\nfi\n# This output is used by Xcode 'outputs' to avoid re-running this script phase.\necho \"SUCCESS\" > \"${SCRIPT_OUTPUT_FILE_0}\"\n";
			showEnvVarsInLog = 0;
		};
		FFBF3C94D6642651AC6E9DFA /* [CP] Embed Pods Frameworks */ = {
			isa = PBXShellScriptBuildPhase;
			buildActionMask = 2147483647;
			files = (
			);
			inputFileListPaths = (
				"${PODS_ROOT}/Target Support Files/Pods-expanse/Pods-expanse-frameworks-${CONFIGURATION}-input-files.xcfilelist",
			);
			name = "[CP] Embed Pods Frameworks";
			outputFileListPaths = (
				"${PODS_ROOT}/Target Support Files/Pods-expanse/Pods-expanse-frameworks-${CONFIGURATION}-output-files.xcfilelist",
			);
			runOnlyForDeploymentPostprocessing = 0;
			shellPath = /bin/sh;
			shellScript = "\"${PODS_ROOT}/Target Support Files/Pods-expanse/Pods-expanse-frameworks.sh\"\n";
			showEnvVarsInLog = 0;
		};
/* End PBXShellScriptBuildPhase section */

/* Begin PBXSourcesBuildPhase section */
		121C2828252E68C7000BDAB1 /* Sources */ = {
			isa = PBXSourcesBuildPhase;
			buildActionMask = 2147483647;
			files = (
				121C2834252E68C7000BDAB1 /* ViewController.swift in Sources */,
				121C2830252E68C7000BDAB1 /* AppDelegate.swift in Sources */,
				12B0900A252E7EC5002354EC /* SingUpViewController.swift in Sources */,
				12B0900D252E7ED2002354EC /* LoginViewController.swift in Sources */,
				121C2832252E68C7000BDAB1 /* SceneDelegate.swift in Sources */,
				12B09010252E7EDF002354EC /* HomeViewController.swift in Sources */,
			);
			runOnlyForDeploymentPostprocessing = 0;
		};
/* End PBXSourcesBuildPhase section */

/* Begin PBXVariantGroup section */
		121C2835252E68C7000BDAB1 /* Main.storyboard */ = {
			isa = PBXVariantGroup;
			children = (
				121C2836252E68C7000BDAB1 /* Base */,
			);
			name = Main.storyboard;
			sourceTree = "<group>";
		};
		121C283A252E68C8000BDAB1 /* LaunchScreen.storyboard */ = {
			isa = PBXVariantGroup;
			children = (
				121C283B252E68C8000BDAB1 /* Base */,
			);
			name = LaunchScreen.storyboard;
			sourceTree = "<group>";
		};
/* End PBXVariantGroup section */

/* Begin XCBuildConfiguration section */
		121C283E252E68C8000BDAB1 /* Debug */ = {
			isa = XCBuildConfiguration;
			buildSettings = {
				ALWAYS_SEARCH_USER_PATHS = NO;
				CLANG_ANALYZER_NONNULL = YES;
				CLANG_ANALYZER_NUMBER_OBJECT_CONVERSION = YES_AGGRESSIVE;
				CLANG_CXX_LANGUAGE_STANDARD = "gnu++14";
				CLANG_CXX_LIBRARY = "libc++";
				CLANG_ENABLE_MODULES = YES;
				CLANG_ENABLE_OBJC_ARC = YES;
				CLANG_ENABLE_OBJC_WEAK = YES;
				CLANG_WARN_BLOCK_CAPTURE_AUTORELEASING = YES;
				CLANG_WARN_BOOL_CONVERSION = YES;
				CLANG_WARN_COMMA = YES;
				CLANG_WARN_CONSTANT_CONVERSION = YES;
				CLANG_WARN_DEPRECATED_OBJC_IMPLEMENTATIONS = YES;
				CLANG_WARN_DIRECT_OBJC_ISA_USAGE = YES_ERROR;
				CLANG_WARN_DOCUMENTATION_COMMENTS = YES;
				CLANG_WARN_EMPTY_BODY = YES;
				CLANG_WARN_ENUM_CONVERSION = YES;
				CLANG_WARN_INFINITE_RECURSION = YES;
				CLANG_WARN_INT_CONVERSION = YES;
				CLANG_WARN_NON_LITERAL_NULL_CONVERSION = YES;
				CLANG_WARN_OBJC_IMPLICIT_RETAIN_SELF = YES;
				CLANG_WARN_OBJC_LITERAL_CONVERSION = YES;
				CLANG_WARN_OBJC_ROOT_CLASS = YES_ERROR;
				CLANG_WARN_QUOTED_INCLUDE_IN_FRAMEWORK_HEADER = YES;
				CLANG_WARN_RANGE_LOOP_ANALYSIS = YES;
				CLANG_WARN_STRICT_PROTOTYPES = YES;
				CLANG_WARN_SUSPICIOUS_MOVE = YES;
				CLANG_WARN_UNGUARDED_AVAILABILITY = YES_AGGRESSIVE;
				CLANG_WARN_UNREACHABLE_CODE = YES;
				CLANG_WARN__DUPLICATE_METHOD_MATCH = YES;
				COPY_PHASE_STRIP = NO;
				DEBUG_INFORMATION_FORMAT = dwarf;
				ENABLE_STRICT_OBJC_MSGSEND = YES;
				ENABLE_TESTABILITY = YES;
				GCC_C_LANGUAGE_STANDARD = gnu11;
				GCC_DYNAMIC_NO_PIC = NO;
				GCC_NO_COMMON_BLOCKS = YES;
				GCC_OPTIMIZATION_LEVEL = 0;
				GCC_PREPROCESSOR_DEFINITIONS = (
					"DEBUG=1",
					"$(inherited)",
				);
				GCC_WARN_64_TO_32_BIT_CONVERSION = YES;
				GCC_WARN_ABOUT_RETURN_TYPE = YES_ERROR;
				GCC_WARN_UNDECLARED_SELECTOR = YES;
				GCC_WARN_UNINITIALIZED_AUTOS = YES_AGGRESSIVE;
				GCC_WARN_UNUSED_FUNCTION = YES;
				GCC_WARN_UNUSED_VARIABLE = YES;
				IPHONEOS_DEPLOYMENT_TARGET = 14.0;
				MTL_ENABLE_DEBUG_INFO = INCLUDE_SOURCE;
				MTL_FAST_MATH = YES;
				ONLY_ACTIVE_ARCH = YES;
				SDKROOT = iphoneos;
				SWIFT_ACTIVE_COMPILATION_CONDITIONS = DEBUG;
				SWIFT_OPTIMIZATION_LEVEL = "-Onone";
			};
			name = Debug;
		};
		121C283F252E68C8000BDAB1 /* Release */ = {
			isa = XCBuildConfiguration;
			buildSettings = {
				ALWAYS_SEARCH_USER_PATHS = NO;
				CLANG_ANALYZER_NONNULL = YES;
				CLANG_ANALYZER_NUMBER_OBJECT_CONVERSION = YES_AGGRESSIVE;
				CLANG_CXX_LANGUAGE_STANDARD = "gnu++14";
				CLANG_CXX_LIBRARY = "libc++";
				CLANG_ENABLE_MODULES = YES;
				CLANG_ENABLE_OBJC_ARC = YES;
				CLANG_ENABLE_OBJC_WEAK = YES;
				CLANG_WARN_BLOCK_CAPTURE_AUTORELEASING = YES;
				CLANG_WARN_BOOL_CONVERSION = YES;
				CLANG_WARN_COMMA = YES;
				CLANG_WARN_CONSTANT_CONVERSION = YES;
				CLANG_WARN_DEPRECATED_OBJC_IMPLEMENTATIONS = YES;
				CLANG_WARN_DIRECT_OBJC_ISA_USAGE = YES_ERROR;
				CLANG_WARN_DOCUMENTATION_COMMENTS = YES;
				CLANG_WARN_EMPTY_BODY = YES;
				CLANG_WARN_ENUM_CONVERSION = YES;
				CLANG_WARN_INFINITE_RECURSION = YES;
				CLANG_WARN_INT_CONVERSION = YES;
				CLANG_WARN_NON_LITERAL_NULL_CONVERSION = YES;
				CLANG_WARN_OBJC_IMPLICIT_RETAIN_SELF = YES;
				CLANG_WARN_OBJC_LITERAL_CONVERSION = YES;
				CLANG_WARN_OBJC_ROOT_CLASS = YES_ERROR;
				CLANG_WARN_QUOTED_INCLUDE_IN_FRAMEWORK_HEADER = YES;
				CLANG_WARN_RANGE_LOOP_ANALYSIS = YES;
				CLANG_WARN_STRICT_PROTOTYPES = YES;
				CLANG_WARN_SUSPICIOUS_MOVE = YES;
				CLANG_WARN_UNGUARDED_AVAILABILITY = YES_AGGRESSIVE;
				CLANG_WARN_UNREACHABLE_CODE = YES;
				CLANG_WARN__DUPLICATE_METHOD_MATCH = YES;
				COPY_PHASE_STRIP = NO;
				DEBUG_INFORMATION_FORMAT = "dwarf-with-dsym";
				ENABLE_NS_ASSERTIONS = NO;
				ENABLE_STRICT_OBJC_MSGSEND = YES;
				GCC_C_LANGUAGE_STANDARD = gnu11;
				GCC_NO_COMMON_BLOCKS = YES;
				GCC_WARN_64_TO_32_BIT_CONVERSION = YES;
				GCC_WARN_ABOUT_RETURN_TYPE = YES_ERROR;
				GCC_WARN_UNDECLARED_SELECTOR = YES;
				GCC_WARN_UNINITIALIZED_AUTOS = YES_AGGRESSIVE;
				GCC_WARN_UNUSED_FUNCTION = YES;
				GCC_WARN_UNUSED_VARIABLE = YES;
				IPHONEOS_DEPLOYMENT_TARGET = 14.0;
				MTL_ENABLE_DEBUG_INFO = NO;
				MTL_FAST_MATH = YES;
				SDKROOT = iphoneos;
				SWIFT_COMPILATION_MODE = wholemodule;
				SWIFT_OPTIMIZATION_LEVEL = "-O";
				VALIDATE_PRODUCT = YES;
			};
			name = Release;
		};
		121C2841252E68C8000BDAB1 /* Debug */ = {
			isa = XCBuildConfiguration;
			baseConfigurationReference = EE9F461511C897A67A877471 /* Pods-expanse.debug.xcconfig */;
			buildSettings = {
				ASSETCATALOG_COMPILER_APPICON_NAME = AppIcon;
				ASSETCATALOG_COMPILER_GLOBAL_ACCENT_COLOR_NAME = AccentColor;
				CODE_SIGN_STYLE = Automatic;
				DEVELOPMENT_TEAM = ALF79554Y6;
				INFOPLIST_FILE = expanse/Info.plist;
				LD_RUNPATH_SEARCH_PATHS = (
					"$(inherited)",
					"@executable_path/Frameworks",
				);
				PRODUCT_BUNDLE_IDENTIFIER = com.viniciusalencar.expanse;
				PRODUCT_NAME = "$(TARGET_NAME)";
				SWIFT_VERSION = 5.0;
				TARGETED_DEVICE_FAMILY = "1,2";
			};
			name = Debug;
		};
		121C2842252E68C8000BDAB1 /* Release */ = {
			isa = XCBuildConfiguration;
			baseConfigurationReference = 20FC62E407DE9DE57E479B1E /* Pods-expanse.release.xcconfig */;
			buildSettings = {
				ASSETCATALOG_COMPILER_APPICON_NAME = AppIcon;
				ASSETCATALOG_COMPILER_GLOBAL_ACCENT_COLOR_NAME = AccentColor;
				CODE_SIGN_STYLE = Automatic;
				DEVELOPMENT_TEAM = ALF79554Y6;
				INFOPLIST_FILE = expanse/Info.plist;
				LD_RUNPATH_SEARCH_PATHS = (
					"$(inherited)",
					"@executable_path/Frameworks",
				);
				PRODUCT_BUNDLE_IDENTIFIER = com.viniciusalencar.expanse;
				PRODUCT_NAME = "$(TARGET_NAME)";
				SWIFT_VERSION = 5.0;
				TARGETED_DEVICE_FAMILY = "1,2";
			};
			name = Release;
		};
/* End XCBuildConfiguration section */

/* Begin XCConfigurationList section */
		121C2827252E68C7000BDAB1 /* Build configuration list for PBXProject "expanse" */ = {
			isa = XCConfigurationList;
			buildConfigurations = (
				121C283E252E68C8000BDAB1 /* Debug */,
				121C283F252E68C8000BDAB1 /* Release */,
			);
			defaultConfigurationIsVisible = 0;
			defaultConfigurationName = Release;
		};
		121C2840252E68C8000BDAB1 /* Build configuration list for PBXNativeTarget "expanse" */ = {
			isa = XCConfigurationList;
			buildConfigurations = (
				121C2841252E68C8000BDAB1 /* Debug */,
				121C2842252E68C8000BDAB1 /* Release */,
			);
			defaultConfigurationIsVisible = 0;
			defaultConfigurationName = Release;
		};
/* End XCConfigurationList section */
	};
	rootObject = 121C2824252E68C7000BDAB1 /* Project object */;
}
